
Microsoft Visual Studio Solution File, Format Version 12.00
# Visual Studio Version 17
VisualStudioVersion = 17.4.33213.308
MinimumVisualStudioVersion = 10.0.40219.1
Project("{9A19103F-16F7-4668-BE54-9A1E7A4F7556}") = "Biblioteki", "Biblioteki\Biblioteki.csproj", "{B080C588-0A5B-48EB-99ED-5C29C168B1F9}"
EndProject
Project("{FAE04EC0-301F-11D3-BF4B-00C04F79EFBC}") = "ClassLibrary2", "ClassLibrary2\ClassLibrary2.csproj", "{0262428F-758C-429F-AD73-58586B754F15}"
EndProject
Project("{FAE04EC0-301F-11D3-BF4B-00C04F79EFBC}") = "WpfCustomControlLibrary1", "WpfCustomControlLibrary1\WpfCustomControlLibrary1.csproj", "{686A6FA5-8DF9-48A9-9922-6E7B87A98472}"
EndProject
Global
	GlobalSection(SolutionConfigurationPlatforms) = preSolution
		Debug|Any CPU = Debug|Any CPU
		Release|Any CPU = Release|Any CPU
	EndGlobalSection
	GlobalSection(ProjectConfigurationPlatforms) = postSolution
		{B080C588-0A5B-48EB-99ED-5C29C168B1F9}.Debug|Any CPU.ActiveCfg = Debug|Any CPU
		{B080C588-0A5B-48EB-99ED-5C29C168B1F9}.Debug|Any CPU.Build.0 = Debug|Any CPU
		{B080C588-0A5B-48EB-99ED-5C29C168B1F9}.Release|Any CPU.ActiveCfg = Release|Any CPU
		{B080C588-0A5B-48EB-99ED-5C29C168B1F9}.Release|Any CPU.Build.0 = Release|Any CPU
		{0262428F-758C-429F-AD73-58586B754F15}.Debug|Any CPU.ActiveCfg = Debug|Any CPU
		{0262428F-758C-429F-AD73-58586B754F15}.Debug|Any CPU.Build.0 = Debug|Any CPU
		{0262428F-758C-429F-AD73-58586B754F15}.Release|Any CPU.ActiveCfg = Release|Any CPU
		{0262428F-758C-429F-AD73-58586B754F15}.Release|Any CPU.Build.0 = Release|Any CPU
		{686A6FA5-8DF9-48A9-9922-6E7B87A98472}.Debug|Any CPU.ActiveCfg = Debug|Any CPU
		{686A6FA5-8DF9-48A9-9922-6E7B87A98472}.Debug|Any CPU.Build.0 = Debug|Any CPU
		{686A6FA5-8DF9-48A9-9922-6E7B87A98472}.Release|Any CPU.ActiveCfg = Release|Any CPU
		{686A6FA5-8DF9-48A9-9922-6E7B87A98472}.Release|Any CPU.Build.0 = Release|Any CPU
	EndGlobalSection
	GlobalSection(SolutionProperties) = preSolution
		HideSolutionNode = FALSE
	EndGlobalSection
	GlobalSection(ExtensibilityGlobals) = postSolution
		SolutionGuid = {FAB55EC1-4DA3-48BC-9AA4-B251C5DB24A4}
	EndGlobalSection
EndGlobal
